
Microsoft Visual Studio Solution File, Format Version 12.00
Project("{FAE04EC0-301F-11D3-BF4B-00C04F79EFBC}") = "NettyBlog.Contracts", "src\NettyBlog.Contracts\NettyBlog.Contracts.csproj", "{A2D65108-9727-4945-8827-04F60E3ED85A}"
EndProject
Project("{FAE04EC0-301F-11D3-BF4B-00C04F79EFBC}") = "NettyBlog.Service", "src\NettyBlog.Service\NettyBlog.Service.csproj", "{527A967F-4F30-4231-89BA-1931AC902663}"
EndProject
Project("{2150E333-8FDC-42A3-9474-1A3956D46DE8}") = "NettyBlogWeb", "NettyBlogWeb", "{0DC744D9-3337-407E-BC0F-E2D19E92D0A5}"
EndProject
Project("{2150E333-8FDC-42A3-9474-1A3956D46DE8}") = "NettyBlog", "NettyBlog", "{91CF881C-8741-42EB-9FC6-9B899A987A5D}"
EndProject
Project("{2150E333-8FDC-42A3-9474-1A3956D46DE8}") = "src", "src", "{582CEDA9-D99E-4FCB-82FD-4E043DDF5B40}"
EndProject
Project("{2150E333-8FDC-42A3-9474-1A3956D46DE8}") = "test", "test", "{8876283A-8984-4F52-B666-61AA3F3434D6}"
EndProject
Project("{FAE04EC0-301F-11D3-BF4B-00C04F79EFBC}") = "NettyBlogWeb", "src\NettyBlogWeb\NettyBlogWeb\NettyBlogWeb.csproj", "{B8A6101C-59AA-454E-B211-A3EE3E20AA16}"
EndProject
Project("{FAE04EC0-301F-11D3-BF4B-00C04F79EFBC}") = "NettyBlogWeb.Client", "src\NettyBlogWeb\NettyBlogWeb.Client\NettyBlogWeb.Client.csproj", "{FD2AF3B5-2106-47B2-B802-5E008459CA63}"
EndProject
Project("{2150E333-8FDC-42A3-9474-1A3956D46DE8}") = "AppHost", "AppHost", "{ED98E89B-2FF5-484F-AB8D-EBD96F632D17}"
EndProject
Project("{FAE04EC0-301F-11D3-BF4B-00C04F79EFBC}") = "AppHost", "src\AppHost\AppHost.csproj", "{2FCAA424-23B1-4A71-89BF-472C8366C0DB}"
EndProject
Project("{FAE04EC0-301F-11D3-BF4B-00C04F79EFBC}") = "NettyBlog.Caller", "src\NettyBlogWeb\NettyBlog.Caller\NettyBlog.Caller.csproj", "{2CB6A161-91A8-488B-927E-55934389F1C8}"
EndProject
Global
	GlobalSection(SolutionConfigurationPlatforms) = preSolution
		Debug|Any CPU = Debug|Any CPU
		Release|Any CPU = Release|Any CPU
	EndGlobalSection
	GlobalSection(ProjectConfigurationPlatforms) = postSolution
		{A2D65108-9727-4945-8827-04F60E3ED85A}.Debug|Any CPU.ActiveCfg = Debug|Any CPU
		{A2D65108-9727-4945-8827-04F60E3ED85A}.Debug|Any CPU.Build.0 = Debug|Any CPU
		{A2D65108-9727-4945-8827-04F60E3ED85A}.Release|Any CPU.ActiveCfg = Release|Any CPU
		{A2D65108-9727-4945-8827-04F60E3ED85A}.Release|Any CPU.Build.0 = Release|Any CPU
		{527A967F-4F30-4231-89BA-1931AC902663}.Debug|Any CPU.ActiveCfg = Debug|Any CPU
		{527A967F-4F30-4231-89BA-1931AC902663}.Debug|Any CPU.Build.0 = Debug|Any CPU
		{527A967F-4F30-4231-89BA-1931AC902663}.Release|Any CPU.ActiveCfg = Release|Any CPU
		{527A967F-4F30-4231-89BA-1931AC902663}.Release|Any CPU.Build.0 = Release|Any CPU
		{B8A6101C-59AA-454E-B211-A3EE3E20AA16}.Debug|Any CPU.ActiveCfg = Debug|Any CPU
		{B8A6101C-59AA-454E-B211-A3EE3E20AA16}.Debug|Any CPU.Build.0 = Debug|Any CPU
		{B8A6101C-59AA-454E-B211-A3EE3E20AA16}.Release|Any CPU.ActiveCfg = Release|Any CPU
		{B8A6101C-59AA-454E-B211-A3EE3E20AA16}.Release|Any CPU.Build.0 = Release|Any CPU
		{FD2AF3B5-2106-47B2-B802-5E008459CA63}.Debug|Any CPU.ActiveCfg = Debug|Any CPU
		{FD2AF3B5-2106-47B2-B802-5E008459CA63}.Debug|Any CPU.Build.0 = Debug|Any CPU
		{FD2AF3B5-2106-47B2-B802-5E008459CA63}.Release|Any CPU.ActiveCfg = Release|Any CPU
		{FD2AF3B5-2106-47B2-B802-5E008459CA63}.Release|Any CPU.Build.0 = Release|Any CPU
		{2FCAA424-23B1-4A71-89BF-472C8366C0DB}.Debug|Any CPU.ActiveCfg = Debug|Any CPU
		{2FCAA424-23B1-4A71-89BF-472C8366C0DB}.Debug|Any CPU.Build.0 = Debug|Any CPU
		{2FCAA424-23B1-4A71-89BF-472C8366C0DB}.Release|Any CPU.ActiveCfg = Release|Any CPU
		{2FCAA424-23B1-4A71-89BF-472C8366C0DB}.Release|Any CPU.Build.0 = Release|Any CPU
		{2CB6A161-91A8-488B-927E-55934389F1C8}.Debug|Any CPU.ActiveCfg = Debug|Any CPU
		{2CB6A161-91A8-488B-927E-55934389F1C8}.Debug|Any CPU.Build.0 = Debug|Any CPU
		{2CB6A161-91A8-488B-927E-55934389F1C8}.Release|Any CPU.ActiveCfg = Release|Any CPU
		{2CB6A161-91A8-488B-927E-55934389F1C8}.Release|Any CPU.Build.0 = Release|Any CPU
	EndGlobalSection
	GlobalSection(NestedProjects) = preSolution
		{A2D65108-9727-4945-8827-04F60E3ED85A} = {91CF881C-8741-42EB-9FC6-9B899A987A5D}
		{527A967F-4F30-4231-89BA-1931AC902663} = {91CF881C-8741-42EB-9FC6-9B899A987A5D}
		{91CF881C-8741-42EB-9FC6-9B899A987A5D} = {582CEDA9-D99E-4FCB-82FD-4E043DDF5B40}
		{0DC744D9-3337-407E-BC0F-E2D19E92D0A5} = {582CEDA9-D99E-4FCB-82FD-4E043DDF5B40}
		{B8A6101C-59AA-454E-B211-A3EE3E20AA16} = {0DC744D9-3337-407E-BC0F-E2D19E92D0A5}
		{FD2AF3B5-2106-47B2-B802-5E008459CA63} = {0DC744D9-3337-407E-BC0F-E2D19E92D0A5}
		{ED98E89B-2FF5-484F-AB8D-EBD96F632D17} = {582CEDA9-D99E-4FCB-82FD-4E043DDF5B40}
		{2FCAA424-23B1-4A71-89BF-472C8366C0DB} = {ED98E89B-2FF5-484F-AB8D-EBD96F632D17}
		{2CB6A161-91A8-488B-927E-55934389F1C8} = {0DC744D9-3337-407E-BC0F-E2D19E92D0A5}
	EndGlobalSection
EndGlobal
